{
  "name": "react-practice",
  "version": "1.0.0",
  "description": "",
  "main": "index.js",
  "scripts": {
    "test": "echo \"Error: no test specified\" && exit 1",
    "start": "node app.js"
  },
  "repository": {
    "type": "git",
    "url": "git+https://github.com/marinaharrison/React-Practice.git"
  },
  "author": "",
  "license": "ISC",
  "bugs": {
    "url": "https://github.com/marinaharrison/React-Practice/issues"
  },
  "homepage": "https://github.com/marinaharrison/React-Practice#readme",
  "dependencies": {
    "express": "^4.17.1"
  }
}
